
Microsoft Visual Studio Solution File, Format Version 12.00
# Visual Studio Version 17
VisualStudioVersion = 17.7.34003.232
MinimumVisualStudioVersion = 10.0.40219.1
Project("{FAE04EC0-301F-11D3-BF4B-00C04F79EFBC}") = "MyCalcLib", "ClassLibrary1\MyCalcLib.csproj", "{3F80E4F2-9D35-4EEE-920D-002C35D8CC06}"
EndProject
Project("{FAE04EC0-301F-11D3-BF4B-00C04F79EFBC}") = "MyCalcLib.Test", "MyCalcLib.Test\MyCalcLib.Test.csproj", "{912F7100-8438-45CD-9A81-1F663A036A35}"
EndProject
Global
	GlobalSection(SolutionConfigurationPlatforms) = preSolution
		Debug|Any CPU = Debug|Any CPU
		Release|Any CPU = Release|Any CPU
	EndGlobalSection
	GlobalSection(ProjectConfigurationPlatforms) = postSolution
		{3F80E4F2-9D35-4EEE-920D-002C35D8CC06}.Debug|Any CPU.ActiveCfg = Debug|Any CPU
		{3F80E4F2-9D35-4EEE-920D-002C35D8CC06}.Debug|Any CPU.Build.0 = Debug|Any CPU
		{3F80E4F2-9D35-4EEE-920D-002C35D8CC06}.Release|Any CPU.ActiveCfg = Release|Any CPU
		{3F80E4F2-9D35-4EEE-920D-002C35D8CC06}.Release|Any CPU.Build.0 = Release|Any CPU
		{912F7100-8438-45CD-9A81-1F663A036A35}.Debug|Any CPU.ActiveCfg = Debug|Any CPU
		{912F7100-8438-45CD-9A81-1F663A036A35}.Debug|Any CPU.Build.0 = Debug|Any CPU
		{912F7100-8438-45CD-9A81-1F663A036A35}.Release|Any CPU.ActiveCfg = Release|Any CPU
		{912F7100-8438-45CD-9A81-1F663A036A35}.Release|Any CPU.Build.0 = Release|Any CPU
	EndGlobalSection
	GlobalSection(SolutionProperties) = preSolution
		HideSolutionNode = FALSE
	EndGlobalSection
	GlobalSection(ExtensibilityGlobals) = postSolution
		SolutionGuid = {4731D392-06AC-463E-900D-D8333BACC601}
	EndGlobalSection
EndGlobal
